
Microsoft Visual Studio Solution File, Format Version 11.00
# Visual Studio 2010
Project("{E097FAD1-6243-4DAD-9C02-E9B9EFC3FFC1}") = "Assembly-CSharp", "Assembly-CSharp.csproj", "{DC32EA09-6DC1-318F-68AE-BF7779260E2E}"
EndProject
Project("{E097FAD1-6243-4DAD-9C02-E9B9EFC3FFC1}") = "Assembly-CSharp-Editor-firstpass", "Assembly-CSharp-Editor-firstpass.csproj", "{E5B41FF3-CC96-DCF8-D9CC-C0D94B64C309}"
EndProject
Global
	GlobalSection(SolutionConfigurationPlatforms) = preSolution
		Debug|Any CPU = Debug|Any CPU
		Release|Any CPU = Release|Any CPU
	EndGlobalSection
	GlobalSection(ProjectConfigurationPlatforms) = postSolution
		{DC32EA09-6DC1-318F-68AE-BF7779260E2E}.Debug|Any CPU.ActiveCfg = Debug|Any CPU
		{DC32EA09-6DC1-318F-68AE-BF7779260E2E}.Debug|Any CPU.Build.0 = Debug|Any CPU
		{DC32EA09-6DC1-318F-68AE-BF7779260E2E}.Release|Any CPU.ActiveCfg = Release|Any CPU
		{DC32EA09-6DC1-318F-68AE-BF7779260E2E}.Release|Any CPU.Build.0 = Release|Any CPU
		{E5B41FF3-CC96-DCF8-D9CC-C0D94B64C309}.Debug|Any CPU.ActiveCfg = Debug|Any CPU
		{E5B41FF3-CC96-DCF8-D9CC-C0D94B64C309}.Debug|Any CPU.Build.0 = Debug|Any CPU
		{E5B41FF3-CC96-DCF8-D9CC-C0D94B64C309}.Release|Any CPU.ActiveCfg = Release|Any CPU
		{E5B41FF3-CC96-DCF8-D9CC-C0D94B64C309}.Release|Any CPU.Build.0 = Release|Any CPU
	EndGlobalSection
	GlobalSection(SolutionProperties) = preSolution
		HideSolutionNode = FALSE
	EndGlobalSection
	GlobalSection(MonoDevelopProperties) = preSolution
		StartupItem = Assembly-CSharp.csproj
	EndGlobalSection
EndGlobal
