
Microsoft Visual Studio Solution File, Format Version 12.00
Project("{FAE04EC0-301F-11D3-BF4B-00C04F79EFBC}") = "Assembly-CSharp", "Assembly-CSharp.csproj", "{DC32EA09-6DC1-318F-68AE-BF7779260E2E}"
EndProject
Global
	GlobalSection(SolutionConfigurationPlatforms) = preSolution
		Debug|Any CPU = Debug|Any CPU
		Release|Any CPU = Release|Any CPU
	EndGlobalSection
	GlobalSection(ProjectConfigurationPlatforms) = postSolution
		{DC32EA09-6DC1-318F-68AE-BF7779260E2E}.Debug|Any CPU.ActiveCfg = Debug|Any CPU
		{DC32EA09-6DC1-318F-68AE-BF7779260E2E}.Debug|Any CPU.Build.0 = Debug|Any CPU
		{DC32EA09-6DC1-318F-68AE-BF7779260E2E}.Release|Any CPU.ActiveCfg = Release|Any CPU
		{DC32EA09-6DC1-318F-68AE-BF7779260E2E}.Release|Any CPU.Build.0 = Release|Any CPU
	EndGlobalSection
EndGlobal
